
Microsoft Visual Studio Solution File, Format Version 12.00
# Visual Studio Version 16
VisualStudioVersion = 16.0.30011.22
MinimumVisualStudioVersion = 10.0.40219.1
Project("{FAE04EC0-301F-11D3-BF4B-00C04F79EFBC}") = "ProjetoMVC3B105", "ProjetoMVC3B105.csproj", "{482B8CCB-71DE-4A7B-8913-1122B3FC044D}"
EndProject
Global
	GlobalSection(SolutionConfigurationPlatforms) = preSolution
		Debug|Any CPU = Debug|Any CPU
		Release|Any CPU = Release|Any CPU
	EndGlobalSection
	GlobalSection(ProjectConfigurationPlatforms) = postSolution
		{482B8CCB-71DE-4A7B-8913-1122B3FC044D}.Debug|Any CPU.ActiveCfg = Debug|Any CPU
		{482B8CCB-71DE-4A7B-8913-1122B3FC044D}.Debug|Any CPU.Build.0 = Debug|Any CPU
		{482B8CCB-71DE-4A7B-8913-1122B3FC044D}.Release|Any CPU.ActiveCfg = Release|Any CPU
		{482B8CCB-71DE-4A7B-8913-1122B3FC044D}.Release|Any CPU.Build.0 = Release|Any CPU
	EndGlobalSection
	GlobalSection(SolutionProperties) = preSolution
		HideSolutionNode = FALSE
	EndGlobalSection
	GlobalSection(ExtensibilityGlobals) = postSolution
		SolutionGuid = {7FDEF2B2-F2A7-4048-B0C4-3E0D1B227D97}
	EndGlobalSection
EndGlobal
